
Microsoft Visual Studio Solution File, Format Version 12.00
# Visual Studio Version 17
VisualStudioVersion = 17.9.34616.47
MinimumVisualStudioVersion = 10.0.40219.1
Project("{9A19103F-16F7-4668-BE54-9A1E7A4F7556}") = "WebApplication8", "WebApplication8\WebApplication8.csproj", "{A75980E4-68D1-42F5-B988-79D75A760945}"
EndProject
Project("{FAE04EC0-301F-11D3-BF4B-00C04F79EFBC}") = "TestProject1", "TestProject1\TestProject1.csproj", "{9A921652-967D-4382-8E8E-56ED8C7FD8EB}"
EndProject
Global
	GlobalSection(SolutionConfigurationPlatforms) = preSolution
		Debug|Any CPU = Debug|Any CPU
		Release|Any CPU = Release|Any CPU
	EndGlobalSection
	GlobalSection(ProjectConfigurationPlatforms) = postSolution
		{A75980E4-68D1-42F5-B988-79D75A760945}.Debug|Any CPU.ActiveCfg = Debug|Any CPU
		{A75980E4-68D1-42F5-B988-79D75A760945}.Debug|Any CPU.Build.0 = Debug|Any CPU
		{A75980E4-68D1-42F5-B988-79D75A760945}.Release|Any CPU.ActiveCfg = Release|Any CPU
		{A75980E4-68D1-42F5-B988-79D75A760945}.Release|Any CPU.Build.0 = Release|Any CPU
		{9A921652-967D-4382-8E8E-56ED8C7FD8EB}.Debug|Any CPU.ActiveCfg = Debug|Any CPU
		{9A921652-967D-4382-8E8E-56ED8C7FD8EB}.Debug|Any CPU.Build.0 = Debug|Any CPU
		{9A921652-967D-4382-8E8E-56ED8C7FD8EB}.Release|Any CPU.ActiveCfg = Release|Any CPU
		{9A921652-967D-4382-8E8E-56ED8C7FD8EB}.Release|Any CPU.Build.0 = Release|Any CPU
	EndGlobalSection
	GlobalSection(SolutionProperties) = preSolution
		HideSolutionNode = FALSE
	EndGlobalSection
	GlobalSection(ExtensibilityGlobals) = postSolution
		SolutionGuid = {AE2BA0E3-9797-4AA9-855E-B964CB248F9E}
	EndGlobalSection
EndGlobal
